
Microsoft Visual Studio Solution File, Format Version 12.00
# Visual Studio 15
VisualStudioVersion = 15.0.27703.2035
MinimumVisualStudioVersion = 10.0.40219.1
Project("{9A19103F-16F7-4668-BE54-9A1E7A4F7556}") = "Translation.Website", "Translation.Website\Translation.Website.csproj", "{2776EF33-4674-463C-BE13-E79933BAD57B}"
EndProject
Project("{FAE04EC0-301F-11D3-BF4B-00C04F79EFBC}") = "Translation", "Translation\Translation.csproj", "{1570FD19-6ADC-4B4C-B379-050472C95262}"
EndProject
Global
	GlobalSection(SolutionConfigurationPlatforms) = preSolution
		Debug|Any CPU = Debug|Any CPU
		Release|Any CPU = Release|Any CPU
	EndGlobalSection
	GlobalSection(ProjectConfigurationPlatforms) = postSolution
		{2776EF33-4674-463C-BE13-E79933BAD57B}.Debug|Any CPU.ActiveCfg = Debug|Any CPU
		{2776EF33-4674-463C-BE13-E79933BAD57B}.Debug|Any CPU.Build.0 = Debug|Any CPU
		{2776EF33-4674-463C-BE13-E79933BAD57B}.Release|Any CPU.ActiveCfg = Release|Any CPU
		{2776EF33-4674-463C-BE13-E79933BAD57B}.Release|Any CPU.Build.0 = Release|Any CPU
		{1570FD19-6ADC-4B4C-B379-050472C95262}.Debug|Any CPU.ActiveCfg = Debug|Any CPU
		{1570FD19-6ADC-4B4C-B379-050472C95262}.Debug|Any CPU.Build.0 = Debug|Any CPU
		{1570FD19-6ADC-4B4C-B379-050472C95262}.Release|Any CPU.ActiveCfg = Release|Any CPU
		{1570FD19-6ADC-4B4C-B379-050472C95262}.Release|Any CPU.Build.0 = Release|Any CPU
	EndGlobalSection
	GlobalSection(SolutionProperties) = preSolution
		HideSolutionNode = FALSE
	EndGlobalSection
	GlobalSection(ExtensibilityGlobals) = postSolution
		SolutionGuid = {006BF69D-D453-437F-9CC0-EB59EFB0FAF4}
	EndGlobalSection
EndGlobal
